<?xml version="1.0" encoding="utf-8"?>
<Project ToolsVersion="16.0" xmlns="http://schemas.microsoft.com/developer/msbuild/2003">
  <ItemGroup>
    <CustomBuild Include="C:\Users\Ahmed\Desktop\OpenGL red book examples\build\CMakeFiles\bec06fcb260459ffa42e0c55a89f5c88\INSTALL_force.rule">
      <Filter>CMake Rules</Filter>
    </CustomBuild>
  </ItemGroup>
  <ItemGroup>
    <Filter Include="CMake Rules">
      <UniqueIdentifier>{C35097E7-9CD5-3D2D-BC6B-BDCF3FE12552}</UniqueIdentifier>
    </Filter>
  </ItemGroup>
</Project>
