
Microsoft Visual Studio Solution File, Format Version 12.00
# Visual Studio Version 16
Project("{2150E333-8FDC-42A3-9474-1A3956D46DE8}") = "CMakePredefinedTargets", "CMakePredefinedTargets", "{AEB549C2-F811-3D0C-8A06-F031EF12DB41}"
EndProject
Project("{2150E333-8FDC-42A3-9474-1A3956D46DE8}") = "GLFW3", "GLFW3", "{680DE66B-3B71-3F93-B30B-AE94396880A8}"
EndProject
Project("{2150E333-8FDC-42A3-9474-1A3956D46DE8}") = "Examples", "GLFW3\Examples", "{435E0678-2286-3FDA-9F49-B8E35F20B0B5}"
EndProject
Project("{2150E333-8FDC-42A3-9474-1A3956D46DE8}") = "Tests", "GLFW3\Tests", "{A16F8E1A-1F90-3EE7-A1C7-2D0BED4EC553}"
EndProject
Project("{8BC9CEB8-8B4A-11D0-8D11-00A0C91BC942}") = "ALL_BUILD", "ALL_BUILD.vcxproj", "{DA6E3FAB-D50B-3DE4-AF19-13929463998D}"
	ProjectSection(ProjectDependencies) = postProject
		{B5A9B674-8C97-3D17-8D87-2C32B8248B2C} = {B5A9B674-8C97-3D17-8D87-2C32B8248B2C}
		{964A5667-3C27-3DE3-8242-93E8E2E841A9} = {964A5667-3C27-3DE3-8242-93E8E2E841A9}
		{6D1F4B9A-C589-354D-9C40-82DA2D9B05E4} = {6D1F4B9A-C589-354D-9C40-82DA2D9B05E4}
		{C83AE679-8ED2-3FE1-9511-96D7AAD8A9E8} = {C83AE679-8ED2-3FE1-9511-96D7AAD8A9E8}
		{206D0383-41A7-3774-888C-F02992839819} = {206D0383-41A7-3774-888C-F02992839819}
		{0B728761-D11A-33BC-BDDE-61806F511B83} = {0B728761-D11A-33BC-BDDE-61806F511B83}
		{3E081216-AD07-3E48-AC69-7CB051CD3331} = {3E081216-AD07-3E48-AC69-7CB051CD3331}
		{3D3793F0-C1E2-3A76-B53F-23BDB13C3E1C} = {3D3793F0-C1E2-3A76-B53F-23BDB13C3E1C}
		{51F81C0D-7CD9-3561-A0A0-9E491A08D048} = {51F81C0D-7CD9-3561-A0A0-9E491A08D048}
		{B2ABF251-4C28-37D2-BEBF-47BE1BEEBAE7} = {B2ABF251-4C28-37D2-BEBF-47BE1BEEBAE7}
		{E061380C-2906-3B44-AC30-BD48F98E1EE9} = {E061380C-2906-3B44-AC30-BD48F98E1EE9}
		{4DD865AD-3FE9-3508-86EE-C50B44EE1C6D} = {4DD865AD-3FE9-3508-86EE-C50B44EE1C6D}
		{F539B6D9-1E0C-3567-A018-71FD415F6188} = {F539B6D9-1E0C-3567-A018-71FD415F6188}
		{1975632C-9889-3171-9F4D-E42E49607A98} = {1975632C-9889-3171-9F4D-E42E49607A98}
		{85F9A3E1-3ED8-3C2C-A60F-6BEE119A3A5A} = {85F9A3E1-3ED8-3C2C-A60F-6BEE119A3A5A}
		{029DC463-A47A-34BC-8913-B7AAA4B304EF} = {029DC463-A47A-34BC-8913-B7AAA4B304EF}
		{EA990EEF-CC1A-315C-A77C-5405B4475DC6} = {EA990EEF-CC1A-315C-A77C-5405B4475DC6}
		{5D45ADF1-AB52-333D-93CE-B2F6EB9DB860} = {5D45ADF1-AB52-333D-93CE-B2F6EB9DB860}
		{9D1086FB-1F7A-3AD7-8D90-E046E29660EF} = {9D1086FB-1F7A-3AD7-8D90-E046E29660EF}
		{619866B9-F868-3429-9695-D64019B974AE} = {619866B9-F868-3429-9695-D64019B974AE}
		{6D880800-A9AE-33A6-9759-2FDD6D775E4C} = {6D880800-A9AE-33A6-9759-2FDD6D775E4C}
		{B43471A2-1444-30C7-8BEC-65AA2EFF843A} = {B43471A2-1444-30C7-8BEC-65AA2EFF843A}
		{7C1E8A28-61C2-3AB4-90AA-BD5D910D95E1} = {7C1E8A28-61C2-3AB4-90AA-BD5D910D95E1}
		{619EE737-FB2E-331F-A277-22F959A559AA} = {619EE737-FB2E-331F-A277-22F959A559AA}
		{5D9EC05C-5AF9-3582-A55A-5B5B558697A2} = {5D9EC05C-5AF9-3582-A55A-5B5B558697A2}
	EndProjectSection
EndProject
Project("{8BC9CEB8-8B4A-11D0-8D11-00A0C91BC942}") = "INSTALL", "INSTALL.vcxproj", "{E9CE9970-DB3B-303B-B451-ECDA37C3251D}"
	ProjectSection(ProjectDependencies) = postProject
		{DA6E3FAB-D50B-3DE4-AF19-13929463998D} = {DA6E3FAB-D50B-3DE4-AF19-13929463998D}
		{B5A9B674-8C97-3D17-8D87-2C32B8248B2C} = {B5A9B674-8C97-3D17-8D87-2C32B8248B2C}
	EndProjectSection
EndProject
Project("{8BC9CEB8-8B4A-11D0-8D11-00A0C91BC942}") = "ZERO_CHECK", "..\..\\ZERO_CHECK.vcxproj", "{B5A9B674-8C97-3D17-8D87-2C32B8248B2C}"
	ProjectSection(ProjectDependencies) = postProject
	EndProjectSection
EndProject
Project("{8BC9CEB8-8B4A-11D0-8D11-00A0C91BC942}") = "boing", "examples\boing.vcxproj", "{964A5667-3C27-3DE3-8242-93E8E2E841A9}"
	ProjectSection(ProjectDependencies) = postProject
		{B5A9B674-8C97-3D17-8D87-2C32B8248B2C} = {B5A9B674-8C97-3D17-8D87-2C32B8248B2C}
		{51F81C0D-7CD9-3561-A0A0-9E491A08D048} = {51F81C0D-7CD9-3561-A0A0-9E491A08D048}
	EndProjectSection
EndProject
Project("{8BC9CEB8-8B4A-11D0-8D11-00A0C91BC942}") = "clipboard", "tests\clipboard.vcxproj", "{6D1F4B9A-C589-354D-9C40-82DA2D9B05E4}"
	ProjectSection(ProjectDependencies) = postProject
		{B5A9B674-8C97-3D17-8D87-2C32B8248B2C} = {B5A9B674-8C97-3D17-8D87-2C32B8248B2C}
		{51F81C0D-7CD9-3561-A0A0-9E491A08D048} = {51F81C0D-7CD9-3561-A0A0-9E491A08D048}
	EndProjectSection
EndProject
Project("{8BC9CEB8-8B4A-11D0-8D11-00A0C91BC942}") = "cursor", "tests\cursor.vcxproj", "{C83AE679-8ED2-3FE1-9511-96D7AAD8A9E8}"
	ProjectSection(ProjectDependencies) = postProject
		{B5A9B674-8C97-3D17-8D87-2C32B8248B2C} = {B5A9B674-8C97-3D17-8D87-2C32B8248B2C}
		{51F81C0D-7CD9-3561-A0A0-9E491A08D048} = {51F81C0D-7CD9-3561-A0A0-9E491A08D048}
	EndProjectSection
EndProject
Project("{8BC9CEB8-8B4A-11D0-8D11-00A0C91BC942}") = "empty", "tests\empty.vcxproj", "{206D0383-41A7-3774-888C-F02992839819}"
	ProjectSection(ProjectDependencies) = postProject
		{B5A9B674-8C97-3D17-8D87-2C32B8248B2C} = {B5A9B674-8C97-3D17-8D87-2C32B8248B2C}
		{51F81C0D-7CD9-3561-A0A0-9E491A08D048} = {51F81C0D-7CD9-3561-A0A0-9E491A08D048}
	EndProjectSection
EndProject
Project("{8BC9CEB8-8B4A-11D0-8D11-00A0C91BC942}") = "events", "tests\events.vcxproj", "{0B728761-D11A-33BC-BDDE-61806F511B83}"
	ProjectSection(ProjectDependencies) = postProject
		{B5A9B674-8C97-3D17-8D87-2C32B8248B2C} = {B5A9B674-8C97-3D17-8D87-2C32B8248B2C}
		{51F81C0D-7CD9-3561-A0A0-9E491A08D048} = {51F81C0D-7CD9-3561-A0A0-9E491A08D048}
	EndProjectSection
EndProject
Project("{8BC9CEB8-8B4A-11D0-8D11-00A0C91BC942}") = "gamma", "tests\gamma.vcxproj", "{3E081216-AD07-3E48-AC69-7CB051CD3331}"
	ProjectSection(ProjectDependencies) = postProject
		{B5A9B674-8C97-3D17-8D87-2C32B8248B2C} = {B5A9B674-8C97-3D17-8D87-2C32B8248B2C}
		{51F81C0D-7CD9-3561-A0A0-9E491A08D048} = {51F81C0D-7CD9-3561-A0A0-9E491A08D048}
	EndProjectSection
EndProject
Project("{8BC9CEB8-8B4A-11D0-8D11-00A0C91BC942}") = "gears", "examples\gears.vcxproj", "{3D3793F0-C1E2-3A76-B53F-23BDB13C3E1C}"
	ProjectSection(ProjectDependencies) = postProject
		{B5A9B674-8C97-3D17-8D87-2C32B8248B2C} = {B5A9B674-8C97-3D17-8D87-2C32B8248B2C}
		{51F81C0D-7CD9-3561-A0A0-9E491A08D048} = {51F81C0D-7CD9-3561-A0A0-9E491A08D048}
	EndProjectSection
EndProject
Project("{8BC9CEB8-8B4A-11D0-8D11-00A0C91BC942}") = "glfw", "src\glfw.vcxproj", "{51F81C0D-7CD9-3561-A0A0-9E491A08D048}"
	ProjectSection(ProjectDependencies) = postProject
		{B5A9B674-8C97-3D17-8D87-2C32B8248B2C} = {B5A9B674-8C97-3D17-8D87-2C32B8248B2C}
	EndProjectSection
EndProject
Project("{8BC9CEB8-8B4A-11D0-8D11-00A0C91BC942}") = "glfwinfo", "tests\glfwinfo.vcxproj", "{B2ABF251-4C28-37D2-BEBF-47BE1BEEBAE7}"
	ProjectSection(ProjectDependencies) = postProject
		{B5A9B674-8C97-3D17-8D87-2C32B8248B2C} = {B5A9B674-8C97-3D17-8D87-2C32B8248B2C}
		{51F81C0D-7CD9-3561-A0A0-9E491A08D048} = {51F81C0D-7CD9-3561-A0A0-9E491A08D048}
	EndProjectSection
EndProject
Project("{8BC9CEB8-8B4A-11D0-8D11-00A0C91BC942}") = "heightmap", "examples\heightmap.vcxproj", "{E061380C-2906-3B44-AC30-BD48F98E1EE9}"
	ProjectSection(ProjectDependencies) = postProject
		{B5A9B674-8C97-3D17-8D87-2C32B8248B2C} = {B5A9B674-8C97-3D17-8D87-2C32B8248B2C}
		{51F81C0D-7CD9-3561-A0A0-9E491A08D048} = {51F81C0D-7CD9-3561-A0A0-9E491A08D048}
	EndProjectSection
EndProject
Project("{8BC9CEB8-8B4A-11D0-8D11-00A0C91BC942}") = "iconify", "tests\iconify.vcxproj", "{4DD865AD-3FE9-3508-86EE-C50B44EE1C6D}"
	ProjectSection(ProjectDependencies) = postProject
		{B5A9B674-8C97-3D17-8D87-2C32B8248B2C} = {B5A9B674-8C97-3D17-8D87-2C32B8248B2C}
		{51F81C0D-7CD9-3561-A0A0-9E491A08D048} = {51F81C0D-7CD9-3561-A0A0-9E491A08D048}
	EndProjectSection
EndProject
Project("{8BC9CEB8-8B4A-11D0-8D11-00A0C91BC942}") = "joysticks", "tests\joysticks.vcxproj", "{F539B6D9-1E0C-3567-A018-71FD415F6188}"
	ProjectSection(ProjectDependencies) = postProject
		{B5A9B674-8C97-3D17-8D87-2C32B8248B2C} = {B5A9B674-8C97-3D17-8D87-2C32B8248B2C}
		{51F81C0D-7CD9-3561-A0A0-9E491A08D048} = {51F81C0D-7CD9-3561-A0A0-9E491A08D048}
	EndProjectSection
EndProject
Project("{8BC9CEB8-8B4A-11D0-8D11-00A0C91BC942}") = "monitors", "tests\monitors.vcxproj", "{1975632C-9889-3171-9F4D-E42E49607A98}"
	ProjectSection(ProjectDependencies) = postProject
		{B5A9B674-8C97-3D17-8D87-2C32B8248B2C} = {B5A9B674-8C97-3D17-8D87-2C32B8248B2C}
		{51F81C0D-7CD9-3561-A0A0-9E491A08D048} = {51F81C0D-7CD9-3561-A0A0-9E491A08D048}
	EndProjectSection
EndProject
Project("{8BC9CEB8-8B4A-11D0-8D11-00A0C91BC942}") = "msaa", "tests\msaa.vcxproj", "{85F9A3E1-3ED8-3C2C-A60F-6BEE119A3A5A}"
	ProjectSection(ProjectDependencies) = postProject
		{B5A9B674-8C97-3D17-8D87-2C32B8248B2C} = {B5A9B674-8C97-3D17-8D87-2C32B8248B2C}
		{51F81C0D-7CD9-3561-A0A0-9E491A08D048} = {51F81C0D-7CD9-3561-A0A0-9E491A08D048}
	EndProjectSection
EndProject
Project("{8BC9CEB8-8B4A-11D0-8D11-00A0C91BC942}") = "particles", "examples\particles.vcxproj", "{029DC463-A47A-34BC-8913-B7AAA4B304EF}"
	ProjectSection(ProjectDependencies) = postProject
		{B5A9B674-8C97-3D17-8D87-2C32B8248B2C} = {B5A9B674-8C97-3D17-8D87-2C32B8248B2C}
		{51F81C0D-7CD9-3561-A0A0-9E491A08D048} = {51F81C0D-7CD9-3561-A0A0-9E491A08D048}
	EndProjectSection
EndProject
Project("{8BC9CEB8-8B4A-11D0-8D11-00A0C91BC942}") = "reopen", "tests\reopen.vcxproj", "{EA990EEF-CC1A-315C-A77C-5405B4475DC6}"
	ProjectSection(ProjectDependencies) = postProject
		{B5A9B674-8C97-3D17-8D87-2C32B8248B2C} = {B5A9B674-8C97-3D17-8D87-2C32B8248B2C}
		{51F81C0D-7CD9-3561-A0A0-9E491A08D048} = {51F81C0D-7CD9-3561-A0A0-9E491A08D048}
	EndProjectSection
EndProject
Project("{8BC9CEB8-8B4A-11D0-8D11-00A0C91BC942}") = "sharing", "tests\sharing.vcxproj", "{5D45ADF1-AB52-333D-93CE-B2F6EB9DB860}"
	ProjectSection(ProjectDependencies) = postProject
		{B5A9B674-8C97-3D17-8D87-2C32B8248B2C} = {B5A9B674-8C97-3D17-8D87-2C32B8248B2C}
		{51F81C0D-7CD9-3561-A0A0-9E491A08D048} = {51F81C0D-7CD9-3561-A0A0-9E491A08D048}
	EndProjectSection
EndProject
Project("{8BC9CEB8-8B4A-11D0-8D11-00A0C91BC942}") = "simple", "examples\simple.vcxproj", "{9D1086FB-1F7A-3AD7-8D90-E046E29660EF}"
	ProjectSection(ProjectDependencies) = postProject
		{B5A9B674-8C97-3D17-8D87-2C32B8248B2C} = {B5A9B674-8C97-3D17-8D87-2C32B8248B2C}
		{51F81C0D-7CD9-3561-A0A0-9E491A08D048} = {51F81C0D-7CD9-3561-A0A0-9E491A08D048}
	EndProjectSection
EndProject
Project("{8BC9CEB8-8B4A-11D0-8D11-00A0C91BC942}") = "splitview", "examples\splitview.vcxproj", "{619866B9-F868-3429-9695-D64019B974AE}"
	ProjectSection(ProjectDependencies) = postProject
		{B5A9B674-8C97-3D17-8D87-2C32B8248B2C} = {B5A9B674-8C97-3D17-8D87-2C32B8248B2C}
		{51F81C0D-7CD9-3561-A0A0-9E491A08D048} = {51F81C0D-7CD9-3561-A0A0-9E491A08D048}
	EndProjectSection
EndProject
Project("{8BC9CEB8-8B4A-11D0-8D11-00A0C91BC942}") = "tearing", "tests\tearing.vcxproj", "{6D880800-A9AE-33A6-9759-2FDD6D775E4C}"
	ProjectSection(ProjectDependencies) = postProject
		{B5A9B674-8C97-3D17-8D87-2C32B8248B2C} = {B5A9B674-8C97-3D17-8D87-2C32B8248B2C}
		{51F81C0D-7CD9-3561-A0A0-9E491A08D048} = {51F81C0D-7CD9-3561-A0A0-9E491A08D048}
	EndProjectSection
EndProject
Project("{8BC9CEB8-8B4A-11D0-8D11-00A0C91BC942}") = "threads", "tests\threads.vcxproj", "{B43471A2-1444-30C7-8BEC-65AA2EFF843A}"
	ProjectSection(ProjectDependencies) = postProject
		{B5A9B674-8C97-3D17-8D87-2C32B8248B2C} = {B5A9B674-8C97-3D17-8D87-2C32B8248B2C}
		{51F81C0D-7CD9-3561-A0A0-9E491A08D048} = {51F81C0D-7CD9-3561-A0A0-9E491A08D048}
	EndProjectSection
EndProject
Project("{8BC9CEB8-8B4A-11D0-8D11-00A0C91BC942}") = "title", "tests\title.vcxproj", "{7C1E8A28-61C2-3AB4-90AA-BD5D910D95E1}"
	ProjectSection(ProjectDependencies) = postProject
		{B5A9B674-8C97-3D17-8D87-2C32B8248B2C} = {B5A9B674-8C97-3D17-8D87-2C32B8248B2C}
		{51F81C0D-7CD9-3561-A0A0-9E491A08D048} = {51F81C0D-7CD9-3561-A0A0-9E491A08D048}
	EndProjectSection
EndProject
Project("{8BC9CEB8-8B4A-11D0-8D11-00A0C91BC942}") = "uninstall", "uninstall.vcxproj", "{F59209CD-F3D0-3114-8CF1-DD222FA58840}"
	ProjectSection(ProjectDependencies) = postProject
		{B5A9B674-8C97-3D17-8D87-2C32B8248B2C} = {B5A9B674-8C97-3D17-8D87-2C32B8248B2C}
	EndProjectSection
EndProject
Project("{8BC9CEB8-8B4A-11D0-8D11-00A0C91BC942}") = "wave", "examples\wave.vcxproj", "{619EE737-FB2E-331F-A277-22F959A559AA}"
	ProjectSection(ProjectDependencies) = postProject
		{B5A9B674-8C97-3D17-8D87-2C32B8248B2C} = {B5A9B674-8C97-3D17-8D87-2C32B8248B2C}
		{51F81C0D-7CD9-3561-A0A0-9E491A08D048} = {51F81C0D-7CD9-3561-A0A0-9E491A08D048}
	EndProjectSection
EndProject
Project("{8BC9CEB8-8B4A-11D0-8D11-00A0C91BC942}") = "windows", "tests\windows.vcxproj", "{5D9EC05C-5AF9-3582-A55A-5B5B558697A2}"
	ProjectSection(ProjectDependencies) = postProject
		{B5A9B674-8C97-3D17-8D87-2C32B8248B2C} = {B5A9B674-8C97-3D17-8D87-2C32B8248B2C}
		{51F81C0D-7CD9-3561-A0A0-9E491A08D048} = {51F81C0D-7CD9-3561-A0A0-9E491A08D048}
	EndProjectSection
EndProject
Global
	GlobalSection(SolutionConfigurationPlatforms) = preSolution
		Debug|x64 = Debug|x64
		Release|x64 = Release|x64
		MinSizeRel|x64 = MinSizeRel|x64
		RelWithDebInfo|x64 = RelWithDebInfo|x64
	EndGlobalSection
	GlobalSection(ProjectConfigurationPlatforms) = postSolution
		{DA6E3FAB-D50B-3DE4-AF19-13929463998D}.Debug|x64.ActiveCfg = Debug|x64
		{DA6E3FAB-D50B-3DE4-AF19-13929463998D}.Debug|x64.Build.0 = Debug|x64
		{DA6E3FAB-D50B-3DE4-AF19-13929463998D}.Release|x64.ActiveCfg = Release|x64
		{DA6E3FAB-D50B-3DE4-AF19-13929463998D}.Release|x64.Build.0 = Release|x64
		{DA6E3FAB-D50B-3DE4-AF19-13929463998D}.MinSizeRel|x64.ActiveCfg = MinSizeRel|x64
		{DA6E3FAB-D50B-3DE4-AF19-13929463998D}.MinSizeRel|x64.Build.0 = MinSizeRel|x64
		{DA6E3FAB-D50B-3DE4-AF19-13929463998D}.RelWithDebInfo|x64.ActiveCfg = RelWithDebInfo|x64
		{DA6E3FAB-D50B-3DE4-AF19-13929463998D}.RelWithDebInfo|x64.Build.0 = RelWithDebInfo|x64
		{E9CE9970-DB3B-303B-B451-ECDA37C3251D}.Debug|x64.ActiveCfg = Debug|x64
		{E9CE9970-DB3B-303B-B451-ECDA37C3251D}.Release|x64.ActiveCfg = Release|x64
		{E9CE9970-DB3B-303B-B451-ECDA37C3251D}.MinSizeRel|x64.ActiveCfg = MinSizeRel|x64
		{E9CE9970-DB3B-303B-B451-ECDA37C3251D}.RelWithDebInfo|x64.ActiveCfg = RelWithDebInfo|x64
		{B5A9B674-8C97-3D17-8D87-2C32B8248B2C}.Debug|x64.ActiveCfg = Debug|x64
		{B5A9B674-8C97-3D17-8D87-2C32B8248B2C}.Debug|x64.Build.0 = Debug|x64
		{B5A9B674-8C97-3D17-8D87-2C32B8248B2C}.Release|x64.ActiveCfg = Release|x64
		{B5A9B674-8C97-3D17-8D87-2C32B8248B2C}.Release|x64.Build.0 = Release|x64
		{B5A9B674-8C97-3D17-8D87-2C32B8248B2C}.MinSizeRel|x64.ActiveCfg = MinSizeRel|x64
		{B5A9B674-8C97-3D17-8D87-2C32B8248B2C}.MinSizeRel|x64.Build.0 = MinSizeRel|x64
		{B5A9B674-8C97-3D17-8D87-2C32B8248B2C}.RelWithDebInfo|x64.ActiveCfg = RelWithDebInfo|x64
		{B5A9B674-8C97-3D17-8D87-2C32B8248B2C}.RelWithDebInfo|x64.Build.0 = RelWithDebInfo|x64
		{964A5667-3C27-3DE3-8242-93E8E2E841A9}.Debug|x64.ActiveCfg = Debug|x64
		{964A5667-3C27-3DE3-8242-93E8E2E841A9}.Debug|x64.Build.0 = Debug|x64
		{964A5667-3C27-3DE3-8242-93E8E2E841A9}.Release|x64.ActiveCfg = Release|x64
		{964A5667-3C27-3DE3-8242-93E8E2E841A9}.Release|x64.Build.0 = Release|x64
		{964A5667-3C27-3DE3-8242-93E8E2E841A9}.MinSizeRel|x64.ActiveCfg = MinSizeRel|x64
		{964A5667-3C27-3DE3-8242-93E8E2E841A9}.MinSizeRel|x64.Build.0 = MinSizeRel|x64
		{964A5667-3C27-3DE3-8242-93E8E2E841A9}.RelWithDebInfo|x64.ActiveCfg = RelWithDebInfo|x64
		{964A5667-3C27-3DE3-8242-93E8E2E841A9}.RelWithDebInfo|x64.Build.0 = RelWithDebInfo|x64
		{6D1F4B9A-C589-354D-9C40-82DA2D9B05E4}.Debug|x64.ActiveCfg = Debug|x64
		{6D1F4B9A-C589-354D-9C40-82DA2D9B05E4}.Debug|x64.Build.0 = Debug|x64
		{6D1F4B9A-C589-354D-9C40-82DA2D9B05E4}.Release|x64.ActiveCfg = Release|x64
		{6D1F4B9A-C589-354D-9C40-82DA2D9B05E4}.Release|x64.Build.0 = Release|x64
		{6D1F4B9A-C589-354D-9C40-82DA2D9B05E4}.MinSizeRel|x64.ActiveCfg = MinSizeRel|x64
		{6D1F4B9A-C589-354D-9C40-82DA2D9B05E4}.MinSizeRel|x64.Build.0 = MinSizeRel|x64
		{6D1F4B9A-C589-354D-9C40-82DA2D9B05E4}.RelWithDebInfo|x64.ActiveCfg = RelWithDebInfo|x64
		{6D1F4B9A-C589-354D-9C40-82DA2D9B05E4}.RelWithDebInfo|x64.Build.0 = RelWithDebInfo|x64
		{C83AE679-8ED2-3FE1-9511-96D7AAD8A9E8}.Debug|x64.ActiveCfg = Debug|x64
		{C83AE679-8ED2-3FE1-9511-96D7AAD8A9E8}.Debug|x64.Build.0 = Debug|x64
		{C83AE679-8ED2-3FE1-9511-96D7AAD8A9E8}.Release|x64.ActiveCfg = Release|x64
		{C83AE679-8ED2-3FE1-9511-96D7AAD8A9E8}.Release|x64.Build.0 = Release|x64
		{C83AE679-8ED2-3FE1-9511-96D7AAD8A9E8}.MinSizeRel|x64.ActiveCfg = MinSizeRel|x64
		{C83AE679-8ED2-3FE1-9511-96D7AAD8A9E8}.MinSizeRel|x64.Build.0 = MinSizeRel|x64
		{C83AE679-8ED2-3FE1-9511-96D7AAD8A9E8}.RelWithDebInfo|x64.ActiveCfg = RelWithDebInfo|x64
		{C83AE679-8ED2-3FE1-9511-96D7AAD8A9E8}.RelWithDebInfo|x64.Build.0 = RelWithDebInfo|x64
		{206D0383-41A7-3774-888C-F02992839819}.Debug|x64.ActiveCfg = Debug|x64
		{206D0383-41A7-3774-888C-F02992839819}.Debug|x64.Build.0 = Debug|x64
		{206D0383-41A7-3774-888C-F02992839819}.Release|x64.ActiveCfg = Release|x64
		{206D0383-41A7-3774-888C-F02992839819}.Release|x64.Build.0 = Release|x64
		{206D0383-41A7-3774-888C-F02992839819}.MinSizeRel|x64.ActiveCfg = MinSizeRel|x64
		{206D0383-41A7-3774-888C-F02992839819}.MinSizeRel|x64.Build.0 = MinSizeRel|x64
		{206D0383-41A7-3774-888C-F02992839819}.RelWithDebInfo|x64.ActiveCfg = RelWithDebInfo|x64
		{206D0383-41A7-3774-888C-F02992839819}.RelWithDebInfo|x64.Build.0 = RelWithDebInfo|x64
		{0B728761-D11A-33BC-BDDE-61806F511B83}.Debug|x64.ActiveCfg = Debug|x64
		{0B728761-D11A-33BC-BDDE-61806F511B83}.Debug|x64.Build.0 = Debug|x64
		{0B728761-D11A-33BC-BDDE-61806F511B83}.Release|x64.ActiveCfg = Release|x64
		{0B728761-D11A-33BC-BDDE-61806F511B83}.Release|x64.Build.0 = Release|x64
		{0B728761-D11A-33BC-BDDE-61806F511B83}.MinSizeRel|x64.ActiveCfg = MinSizeRel|x64
		{0B728761-D11A-33BC-BDDE-61806F511B83}.MinSizeRel|x64.Build.0 = MinSizeRel|x64
		{0B728761-D11A-33BC-BDDE-61806F511B83}.RelWithDebInfo|x64.ActiveCfg = RelWithDebInfo|x64
		{0B728761-D11A-33BC-BDDE-61806F511B83}.RelWithDebInfo|x64.Build.0 = RelWithDebInfo|x64
		{3E081216-AD07-3E48-AC69-7CB051CD3331}.Debug|x64.ActiveCfg = Debug|x64
		{3E081216-AD07-3E48-AC69-7CB051CD3331}.Debug|x64.Build.0 = Debug|x64
		{3E081216-AD07-3E48-AC69-7CB051CD3331}.Release|x64.ActiveCfg = Release|x64
		{3E081216-AD07-3E48-AC69-7CB051CD3331}.Release|x64.Build.0 = Release|x64
		{3E081216-AD07-3E48-AC69-7CB051CD3331}.MinSizeRel|x64.ActiveCfg = MinSizeRel|x64
		{3E081216-AD07-3E48-AC69-7CB051CD3331}.MinSizeRel|x64.Build.0 = MinSizeRel|x64
		{3E081216-AD07-3E48-AC69-7CB051CD3331}.RelWithDebInfo|x64.ActiveCfg = RelWithDebInfo|x64
		{3E081216-AD07-3E48-AC69-7CB051CD3331}.RelWithDebInfo|x64.Build.0 = RelWithDebInfo|x64
		{3D3793F0-C1E2-3A76-B53F-23BDB13C3E1C}.Debug|x64.ActiveCfg = Debug|x64
		{3D3793F0-C1E2-3A76-B53F-23BDB13C3E1C}.Debug|x64.Build.0 = Debug|x64
		{3D3793F0-C1E2-3A76-B53F-23BDB13C3E1C}.Release|x64.ActiveCfg = Release|x64
		{3D3793F0-C1E2-3A76-B53F-23BDB13C3E1C}.Release|x64.Build.0 = Release|x64
		{3D3793F0-C1E2-3A76-B53F-23BDB13C3E1C}.MinSizeRel|x64.ActiveCfg = MinSizeRel|x64
		{3D3793F0-C1E2-3A76-B53F-23BDB13C3E1C}.MinSizeRel|x64.Build.0 = MinSizeRel|x64
		{3D3793F0-C1E2-3A76-B53F-23BDB13C3E1C}.RelWithDebInfo|x64.ActiveCfg = RelWithDebInfo|x64
		{3D3793F0-C1E2-3A76-B53F-23BDB13C3E1C}.RelWithDebInfo|x64.Build.0 = RelWithDebInfo|x64
		{51F81C0D-7CD9-3561-A0A0-9E491A08D048}.Debug|x64.ActiveCfg = Debug|x64
		{51F81C0D-7CD9-3561-A0A0-9E491A08D048}.Debug|x64.Build.0 = Debug|x64
		{51F81C0D-7CD9-3561-A0A0-9E491A08D048}.Release|x64.ActiveCfg = Release|x64
		{51F81C0D-7CD9-3561-A0A0-9E491A08D048}.Release|x64.Build.0 = Release|x64
		{51F81C0D-7CD9-3561-A0A0-9E491A08D048}.MinSizeRel|x64.ActiveCfg = MinSizeRel|x64
		{51F81C0D-7CD9-3561-A0A0-9E491A08D048}.MinSizeRel|x64.Build.0 = MinSizeRel|x64
		{51F81C0D-7CD9-3561-A0A0-9E491A08D048}.RelWithDebInfo|x64.ActiveCfg = RelWithDebInfo|x64
		{51F81C0D-7CD9-3561-A0A0-9E491A08D048}.RelWithDebInfo|x64.Build.0 = RelWithDebInfo|x64
		{B2ABF251-4C28-37D2-BEBF-47BE1BEEBAE7}.Debug|x64.ActiveCfg = Debug|x64
		{B2ABF251-4C28-37D2-BEBF-47BE1BEEBAE7}.Debug|x64.Build.0 = Debug|x64
		{B2ABF251-4C28-37D2-BEBF-47BE1BEEBAE7}.Release|x64.ActiveCfg = Release|x64
		{B2ABF251-4C28-37D2-BEBF-47BE1BEEBAE7}.Release|x64.Build.0 = Release|x64
		{B2ABF251-4C28-37D2-BEBF-47BE1BEEBAE7}.MinSizeRel|x64.ActiveCfg = MinSizeRel|x64
		{B2ABF251-4C28-37D2-BEBF-47BE1BEEBAE7}.MinSizeRel|x64.Build.0 = MinSizeRel|x64
		{B2ABF251-4C28-37D2-BEBF-47BE1BEEBAE7}.RelWithDebInfo|x64.ActiveCfg = RelWithDebInfo|x64
		{B2ABF251-4C28-37D2-BEBF-47BE1BEEBAE7}.RelWithDebInfo|x64.Build.0 = RelWithDebInfo|x64
		{E061380C-2906-3B44-AC30-BD48F98E1EE9}.Debug|x64.ActiveCfg = Debug|x64
		{E061380C-2906-3B44-AC30-BD48F98E1EE9}.Debug|x64.Build.0 = Debug|x64
		{E061380C-2906-3B44-AC30-BD48F98E1EE9}.Release|x64.ActiveCfg = Release|x64
		{E061380C-2906-3B44-AC30-BD48F98E1EE9}.Release|x64.Build.0 = Release|x64
		{E061380C-2906-3B44-AC30-BD48F98E1EE9}.MinSizeRel|x64.ActiveCfg = MinSizeRel|x64
		{E061380C-2906-3B44-AC30-BD48F98E1EE9}.MinSizeRel|x64.Build.0 = MinSizeRel|x64
		{E061380C-2906-3B44-AC30-BD48F98E1EE9}.RelWithDebInfo|x64.ActiveCfg = RelWithDebInfo|x64
		{E061380C-2906-3B44-AC30-BD48F98E1EE9}.RelWithDebInfo|x64.Build.0 = RelWithDebInfo|x64
		{4DD865AD-3FE9-3508-86EE-C50B44EE1C6D}.Debug|x64.ActiveCfg = Debug|x64
		{4DD865AD-3FE9-3508-86EE-C50B44EE1C6D}.Debug|x64.Build.0 = Debug|x64
		{4DD865AD-3FE9-3508-86EE-C50B44EE1C6D}.Release|x64.ActiveCfg = Release|x64
		{4DD865AD-3FE9-3508-86EE-C50B44EE1C6D}.Release|x64.Build.0 = Release|x64
		{4DD865AD-3FE9-3508-86EE-C50B44EE1C6D}.MinSizeRel|x64.ActiveCfg = MinSizeRel|x64
		{4DD865AD-3FE9-3508-86EE-C50B44EE1C6D}.MinSizeRel|x64.Build.0 = MinSizeRel|x64
		{4DD865AD-3FE9-3508-86EE-C50B44EE1C6D}.RelWithDebInfo|x64.ActiveCfg = RelWithDebInfo|x64
		{4DD865AD-3FE9-3508-86EE-C50B44EE1C6D}.RelWithDebInfo|x64.Build.0 = RelWithDebInfo|x64
		{F539B6D9-1E0C-3567-A018-71FD415F6188}.Debug|x64.ActiveCfg = Debug|x64
		{F539B6D9-1E0C-3567-A018-71FD415F6188}.Debug|x64.Build.0 = Debug|x64
		{F539B6D9-1E0C-3567-A018-71FD415F6188}.Release|x64.ActiveCfg = Release|x64
		{F539B6D9-1E0C-3567-A018-71FD415F6188}.Release|x64.Build.0 = Release|x64
		{F539B6D9-1E0C-3567-A018-71FD415F6188}.MinSizeRel|x64.ActiveCfg = MinSizeRel|x64
		{F539B6D9-1E0C-3567-A018-71FD415F6188}.MinSizeRel|x64.Build.0 = MinSizeRel|x64
		{F539B6D9-1E0C-3567-A018-71FD415F6188}.RelWithDebInfo|x64.ActiveCfg = RelWithDebInfo|x64
		{F539B6D9-1E0C-3567-A018-71FD415F6188}.RelWithDebInfo|x64.Build.0 = RelWithDebInfo|x64
		{1975632C-9889-3171-9F4D-E42E49607A98}.Debug|x64.ActiveCfg = Debug|x64
		{1975632C-9889-3171-9F4D-E42E49607A98}.Debug|x64.Build.0 = Debug|x64
		{1975632C-9889-3171-9F4D-E42E49607A98}.Release|x64.ActiveCfg = Release|x64
		{1975632C-9889-3171-9F4D-E42E49607A98}.Release|x64.Build.0 = Release|x64
		{1975632C-9889-3171-9F4D-E42E49607A98}.MinSizeRel|x64.ActiveCfg = MinSizeRel|x64
		{1975632C-9889-3171-9F4D-E42E49607A98}.MinSizeRel|x64.Build.0 = MinSizeRel|x64
		{1975632C-9889-3171-9F4D-E42E49607A98}.RelWithDebInfo|x64.ActiveCfg = RelWithDebInfo|x64
		{1975632C-9889-3171-9F4D-E42E49607A98}.RelWithDebInfo|x64.Build.0 = RelWithDebInfo|x64
		{85F9A3E1-3ED8-3C2C-A60F-6BEE119A3A5A}.Debug|x64.ActiveCfg = Debug|x64
		{85F9A3E1-3ED8-3C2C-A60F-6BEE119A3A5A}.Debug|x64.Build.0 = Debug|x64
		{85F9A3E1-3ED8-3C2C-A60F-6BEE119A3A5A}.Release|x64.ActiveCfg = Release|x64
		{85F9A3E1-3ED8-3C2C-A60F-6BEE119A3A5A}.Release|x64.Build.0 = Release|x64
		{85F9A3E1-3ED8-3C2C-A60F-6BEE119A3A5A}.MinSizeRel|x64.ActiveCfg = MinSizeRel|x64
		{85F9A3E1-3ED8-3C2C-A60F-6BEE119A3A5A}.MinSizeRel|x64.Build.0 = MinSizeRel|x64
		{85F9A3E1-3ED8-3C2C-A60F-6BEE119A3A5A}.RelWithDebInfo|x64.ActiveCfg = RelWithDebInfo|x64
		{85F9A3E1-3ED8-3C2C-A60F-6BEE119A3A5A}.RelWithDebInfo|x64.Build.0 = RelWithDebInfo|x64
		{029DC463-A47A-34BC-8913-B7AAA4B304EF}.Debug|x64.ActiveCfg = Debug|x64
		{029DC463-A47A-34BC-8913-B7AAA4B304EF}.Debug|x64.Build.0 = Debug|x64
		{029DC463-A47A-34BC-8913-B7AAA4B304EF}.Release|x64.ActiveCfg = Release|x64
		{029DC463-A47A-34BC-8913-B7AAA4B304EF}.Release|x64.Build.0 = Release|x64
		{029DC463-A47A-34BC-8913-B7AAA4B304EF}.MinSizeRel|x64.ActiveCfg = MinSizeRel|x64
		{029DC463-A47A-34BC-8913-B7AAA4B304EF}.MinSizeRel|x64.Build.0 = MinSizeRel|x64
		{029DC463-A47A-34BC-8913-B7AAA4B304EF}.RelWithDebInfo|x64.ActiveCfg = RelWithDebInfo|x64
		{029DC463-A47A-34BC-8913-B7AAA4B304EF}.RelWithDebInfo|x64.Build.0 = RelWithDebInfo|x64
		{EA990EEF-CC1A-315C-A77C-5405B4475DC6}.Debug|x64.ActiveCfg = Debug|x64
		{EA990EEF-CC1A-315C-A77C-5405B4475DC6}.Debug|x64.Build.0 = Debug|x64
		{EA990EEF-CC1A-315C-A77C-5405B4475DC6}.Release|x64.ActiveCfg = Release|x64
		{EA990EEF-CC1A-315C-A77C-5405B4475DC6}.Release|x64.Build.0 = Release|x64
		{EA990EEF-CC1A-315C-A77C-5405B4475DC6}.MinSizeRel|x64.ActiveCfg = MinSizeRel|x64
		{EA990EEF-CC1A-315C-A77C-5405B4475DC6}.MinSizeRel|x64.Build.0 = MinSizeRel|x64
		{EA990EEF-CC1A-315C-A77C-5405B4475DC6}.RelWithDebInfo|x64.ActiveCfg = RelWithDebInfo|x64
		{EA990EEF-CC1A-315C-A77C-5405B4475DC6}.RelWithDebInfo|x64.Build.0 = RelWithDebInfo|x64
		{5D45ADF1-AB52-333D-93CE-B2F6EB9DB860}.Debug|x64.ActiveCfg = Debug|x64
		{5D45ADF1-AB52-333D-93CE-B2F6EB9DB860}.Debug|x64.Build.0 = Debug|x64
		{5D45ADF1-AB52-333D-93CE-B2F6EB9DB860}.Release|x64.ActiveCfg = Release|x64
		{5D45ADF1-AB52-333D-93CE-B2F6EB9DB860}.Release|x64.Build.0 = Release|x64
		{5D45ADF1-AB52-333D-93CE-B2F6EB9DB860}.MinSizeRel|x64.ActiveCfg = MinSizeRel|x64
		{5D45ADF1-AB52-333D-93CE-B2F6EB9DB860}.MinSizeRel|x64.Build.0 = MinSizeRel|x64
		{5D45ADF1-AB52-333D-93CE-B2F6EB9DB860}.RelWithDebInfo|x64.ActiveCfg = RelWithDebInfo|x64
		{5D45ADF1-AB52-333D-93CE-B2F6EB9DB860}.RelWithDebInfo|x64.Build.0 = RelWithDebInfo|x64
		{9D1086FB-1F7A-3AD7-8D90-E046E29660EF}.Debug|x64.ActiveCfg = Debug|x64
		{9D1086FB-1F7A-3AD7-8D90-E046E29660EF}.Debug|x64.Build.0 = Debug|x64
		{9D1086FB-1F7A-3AD7-8D90-E046E29660EF}.Release|x64.ActiveCfg = Release|x64
		{9D1086FB-1F7A-3AD7-8D90-E046E29660EF}.Release|x64.Build.0 = Release|x64
		{9D1086FB-1F7A-3AD7-8D90-E046E29660EF}.MinSizeRel|x64.ActiveCfg = MinSizeRel|x64
		{9D1086FB-1F7A-3AD7-8D90-E046E29660EF}.MinSizeRel|x64.Build.0 = MinSizeRel|x64
		{9D1086FB-1F7A-3AD7-8D90-E046E29660EF}.RelWithDebInfo|x64.ActiveCfg = RelWithDebInfo|x64
		{9D1086FB-1F7A-3AD7-8D90-E046E29660EF}.RelWithDebInfo|x64.Build.0 = RelWithDebInfo|x64
		{619866B9-F868-3429-9695-D64019B974AE}.Debug|x64.ActiveCfg = Debug|x64
		{619866B9-F868-3429-9695-D64019B974AE}.Debug|x64.Build.0 = Debug|x64
		{619866B9-F868-3429-9695-D64019B974AE}.Release|x64.ActiveCfg = Release|x64
		{619866B9-F868-3429-9695-D64019B974AE}.Release|x64.Build.0 = Release|x64
		{619866B9-F868-3429-9695-D64019B974AE}.MinSizeRel|x64.ActiveCfg = MinSizeRel|x64
		{619866B9-F868-3429-9695-D64019B974AE}.MinSizeRel|x64.Build.0 = MinSizeRel|x64
		{619866B9-F868-3429-9695-D64019B974AE}.RelWithDebInfo|x64.ActiveCfg = RelWithDebInfo|x64
		{619866B9-F868-3429-9695-D64019B974AE}.RelWithDebInfo|x64.Build.0 = RelWithDebInfo|x64
		{6D880800-A9AE-33A6-9759-2FDD6D775E4C}.Debug|x64.ActiveCfg = Debug|x64
		{6D880800-A9AE-33A6-9759-2FDD6D775E4C}.Debug|x64.Build.0 = Debug|x64
		{6D880800-A9AE-33A6-9759-2FDD6D775E4C}.Release|x64.ActiveCfg = Release|x64
		{6D880800-A9AE-33A6-9759-2FDD6D775E4C}.Release|x64.Build.0 = Release|x64
		{6D880800-A9AE-33A6-9759-2FDD6D775E4C}.MinSizeRel|x64.ActiveCfg = MinSizeRel|x64
		{6D880800-A9AE-33A6-9759-2FDD6D775E4C}.MinSizeRel|x64.Build.0 = MinSizeRel|x64
		{6D880800-A9AE-33A6-9759-2FDD6D775E4C}.RelWithDebInfo|x64.ActiveCfg = RelWithDebInfo|x64
		{6D880800-A9AE-33A6-9759-2FDD6D775E4C}.RelWithDebInfo|x64.Build.0 = RelWithDebInfo|x64
		{B43471A2-1444-30C7-8BEC-65AA2EFF843A}.Debug|x64.ActiveCfg = Debug|x64
		{B43471A2-1444-30C7-8BEC-65AA2EFF843A}.Debug|x64.Build.0 = Debug|x64
		{B43471A2-1444-30C7-8BEC-65AA2EFF843A}.Release|x64.ActiveCfg = Release|x64
		{B43471A2-1444-30C7-8BEC-65AA2EFF843A}.Release|x64.Build.0 = Release|x64
		{B43471A2-1444-30C7-8BEC-65AA2EFF843A}.MinSizeRel|x64.ActiveCfg = MinSizeRel|x64
		{B43471A2-1444-30C7-8BEC-65AA2EFF843A}.MinSizeRel|x64.Build.0 = MinSizeRel|x64
		{B43471A2-1444-30C7-8BEC-65AA2EFF843A}.RelWithDebInfo|x64.ActiveCfg = RelWithDebInfo|x64
		{B43471A2-1444-30C7-8BEC-65AA2EFF843A}.RelWithDebInfo|x64.Build.0 = RelWithDebInfo|x64
		{7C1E8A28-61C2-3AB4-90AA-BD5D910D95E1}.Debug|x64.ActiveCfg = Debug|x64
		{7C1E8A28-61C2-3AB4-90AA-BD5D910D95E1}.Debug|x64.Build.0 = Debug|x64
		{7C1E8A28-61C2-3AB4-90AA-BD5D910D95E1}.Release|x64.ActiveCfg = Release|x64
		{7C1E8A28-61C2-3AB4-90AA-BD5D910D95E1}.Release|x64.Build.0 = Release|x64
		{7C1E8A28-61C2-3AB4-90AA-BD5D910D95E1}.MinSizeRel|x64.ActiveCfg = MinSizeRel|x64
		{7C1E8A28-61C2-3AB4-90AA-BD5D910D95E1}.MinSizeRel|x64.Build.0 = MinSizeRel|x64
		{7C1E8A28-61C2-3AB4-90AA-BD5D910D95E1}.RelWithDebInfo|x64.ActiveCfg = RelWithDebInfo|x64
		{7C1E8A28-61C2-3AB4-90AA-BD5D910D95E1}.RelWithDebInfo|x64.Build.0 = RelWithDebInfo|x64
		{F59209CD-F3D0-3114-8CF1-DD222FA58840}.Debug|x64.ActiveCfg = Debug|x64
		{F59209CD-F3D0-3114-8CF1-DD222FA58840}.Release|x64.ActiveCfg = Release|x64
		{F59209CD-F3D0-3114-8CF1-DD222FA58840}.MinSizeRel|x64.ActiveCfg = MinSizeRel|x64
		{F59209CD-F3D0-3114-8CF1-DD222FA58840}.RelWithDebInfo|x64.ActiveCfg = RelWithDebInfo|x64
		{619EE737-FB2E-331F-A277-22F959A559AA}.Debug|x64.ActiveCfg = Debug|x64
		{619EE737-FB2E-331F-A277-22F959A559AA}.Debug|x64.Build.0 = Debug|x64
		{619EE737-FB2E-331F-A277-22F959A559AA}.Release|x64.ActiveCfg = Release|x64
		{619EE737-FB2E-331F-A277-22F959A559AA}.Release|x64.Build.0 = Release|x64
		{619EE737-FB2E-331F-A277-22F959A559AA}.MinSizeRel|x64.ActiveCfg = MinSizeRel|x64
		{619EE737-FB2E-331F-A277-22F959A559AA}.MinSizeRel|x64.Build.0 = MinSizeRel|x64
		{619EE737-FB2E-331F-A277-22F959A559AA}.RelWithDebInfo|x64.ActiveCfg = RelWithDebInfo|x64
		{619EE737-FB2E-331F-A277-22F959A559AA}.RelWithDebInfo|x64.Build.0 = RelWithDebInfo|x64
		{5D9EC05C-5AF9-3582-A55A-5B5B558697A2}.Debug|x64.ActiveCfg = Debug|x64
		{5D9EC05C-5AF9-3582-A55A-5B5B558697A2}.Debug|x64.Build.0 = Debug|x64
		{5D9EC05C-5AF9-3582-A55A-5B5B558697A2}.Release|x64.ActiveCfg = Release|x64
		{5D9EC05C-5AF9-3582-A55A-5B5B558697A2}.Release|x64.Build.0 = Release|x64
		{5D9EC05C-5AF9-3582-A55A-5B5B558697A2}.MinSizeRel|x64.ActiveCfg = MinSizeRel|x64
		{5D9EC05C-5AF9-3582-A55A-5B5B558697A2}.MinSizeRel|x64.Build.0 = MinSizeRel|x64
		{5D9EC05C-5AF9-3582-A55A-5B5B558697A2}.RelWithDebInfo|x64.ActiveCfg = RelWithDebInfo|x64
		{5D9EC05C-5AF9-3582-A55A-5B5B558697A2}.RelWithDebInfo|x64.Build.0 = RelWithDebInfo|x64
	EndGlobalSection
	GlobalSection(NestedProjects) = preSolution
		{DA6E3FAB-D50B-3DE4-AF19-13929463998D} = {AEB549C2-F811-3D0C-8A06-F031EF12DB41}
		{E9CE9970-DB3B-303B-B451-ECDA37C3251D} = {AEB549C2-F811-3D0C-8A06-F031EF12DB41}
		{B5A9B674-8C97-3D17-8D87-2C32B8248B2C} = {AEB549C2-F811-3D0C-8A06-F031EF12DB41}
		{435E0678-2286-3FDA-9F49-B8E35F20B0B5} = {680DE66B-3B71-3F93-B30B-AE94396880A8}
		{A16F8E1A-1F90-3EE7-A1C7-2D0BED4EC553} = {680DE66B-3B71-3F93-B30B-AE94396880A8}
		{51F81C0D-7CD9-3561-A0A0-9E491A08D048} = {680DE66B-3B71-3F93-B30B-AE94396880A8}
		{964A5667-3C27-3DE3-8242-93E8E2E841A9} = {435E0678-2286-3FDA-9F49-B8E35F20B0B5}
		{3D3793F0-C1E2-3A76-B53F-23BDB13C3E1C} = {435E0678-2286-3FDA-9F49-B8E35F20B0B5}
		{E061380C-2906-3B44-AC30-BD48F98E1EE9} = {435E0678-2286-3FDA-9F49-B8E35F20B0B5}
		{029DC463-A47A-34BC-8913-B7AAA4B304EF} = {435E0678-2286-3FDA-9F49-B8E35F20B0B5}
		{9D1086FB-1F7A-3AD7-8D90-E046E29660EF} = {435E0678-2286-3FDA-9F49-B8E35F20B0B5}
		{619866B9-F868-3429-9695-D64019B974AE} = {435E0678-2286-3FDA-9F49-B8E35F20B0B5}
		{619EE737-FB2E-331F-A277-22F959A559AA} = {435E0678-2286-3FDA-9F49-B8E35F20B0B5}
		{6D1F4B9A-C589-354D-9C40-82DA2D9B05E4} = {A16F8E1A-1F90-3EE7-A1C7-2D0BED4EC553}
		{C83AE679-8ED2-3FE1-9511-96D7AAD8A9E8} = {A16F8E1A-1F90-3EE7-A1C7-2D0BED4EC553}
		{206D0383-41A7-3774-888C-F02992839819} = {A16F8E1A-1F90-3EE7-A1C7-2D0BED4EC553}
		{0B728761-D11A-33BC-BDDE-61806F511B83} = {A16F8E1A-1F90-3EE7-A1C7-2D0BED4EC553}
		{3E081216-AD07-3E48-AC69-7CB051CD3331} = {A16F8E1A-1F90-3EE7-A1C7-2D0BED4EC553}
		{B2ABF251-4C28-37D2-BEBF-47BE1BEEBAE7} = {A16F8E1A-1F90-3EE7-A1C7-2D0BED4EC553}
		{4DD865AD-3FE9-3508-86EE-C50B44EE1C6D} = {A16F8E1A-1F90-3EE7-A1C7-2D0BED4EC553}
		{F539B6D9-1E0C-3567-A018-71FD415F6188} = {A16F8E1A-1F90-3EE7-A1C7-2D0BED4EC553}
		{1975632C-9889-3171-9F4D-E42E49607A98} = {A16F8E1A-1F90-3EE7-A1C7-2D0BED4EC553}
		{85F9A3E1-3ED8-3C2C-A60F-6BEE119A3A5A} = {A16F8E1A-1F90-3EE7-A1C7-2D0BED4EC553}
		{EA990EEF-CC1A-315C-A77C-5405B4475DC6} = {A16F8E1A-1F90-3EE7-A1C7-2D0BED4EC553}
		{5D45ADF1-AB52-333D-93CE-B2F6EB9DB860} = {A16F8E1A-1F90-3EE7-A1C7-2D0BED4EC553}
		{6D880800-A9AE-33A6-9759-2FDD6D775E4C} = {A16F8E1A-1F90-3EE7-A1C7-2D0BED4EC553}
		{B43471A2-1444-30C7-8BEC-65AA2EFF843A} = {A16F8E1A-1F90-3EE7-A1C7-2D0BED4EC553}
		{7C1E8A28-61C2-3AB4-90AA-BD5D910D95E1} = {A16F8E1A-1F90-3EE7-A1C7-2D0BED4EC553}
		{5D9EC05C-5AF9-3582-A55A-5B5B558697A2} = {A16F8E1A-1F90-3EE7-A1C7-2D0BED4EC553}
	EndGlobalSection
	GlobalSection(ExtensibilityGlobals) = postSolution
		SolutionGuid = {DF258DDC-7C1D-355A-B8E6-D31A0817287F}
	EndGlobalSection
	GlobalSection(ExtensibilityAddIns) = postSolution
	EndGlobalSection
EndGlobal
