<?xml version="1.0" encoding="utf-8"?>
<Project ToolsVersion="16.0" xmlns="http://schemas.microsoft.com/developer/msbuild/2003">
  <ItemGroup>
    <ClCompile Include="C:\Users\Ahmed\Desktop\OpenGL red book examples\lib\glfw\tests\tearing.c">
      <Filter>Source Files</Filter>
    </ClCompile>
    <ClCompile Include="C:\Users\Ahmed\Desktop\OpenGL red book examples\lib\glfw\deps\getopt.c">
      <Filter>Source Files</Filter>
    </ClCompile>
  </ItemGroup>
  <ItemGroup>
    <ClInclude Include="C:\Users\Ahmed\Desktop\OpenGL red book examples\lib\glfw\deps\getopt.h">
      <Filter>Header Files</Filter>
    </ClInclude>
  </ItemGroup>
  <ItemGroup>
    <CustomBuild Include="C:\Users\Ahmed\Desktop\OpenGL red book examples\lib\glfw\tests\CMakeLists.txt" />
  </ItemGroup>
  <ItemGroup>
    <Filter Include="Header Files">
      <UniqueIdentifier>{653451BB-71E4-3E4D-AB39-2E5292D3360F}</UniqueIdentifier>
    </Filter>
    <Filter Include="Source Files">
      <UniqueIdentifier>{8B92AE85-10C0-3C50-BE9F-2C856C5D5677}</UniqueIdentifier>
    </Filter>
  </ItemGroup>
</Project>
